
Microsoft Visual Studio Solution File, Format Version 12.00
# Visual Studio Version 17
VisualStudioVersion = 17.5.002.0
MinimumVisualStudioVersion = 10.0.40219.1
Project("{9A19103F-16F7-4668-BE54-9A1E7A4F7556}") = "BibliotecaOOP", "BibliotecaOOP\BibliotecaOOP.csproj", "{BAC9FDD9-09D5-452D-B877-399C809DFBAC}"
EndProject
Global
	GlobalSection(SolutionConfigurationPlatforms) = preSolution
		Debug|Any CPU = Debug|Any CPU
		Release|Any CPU = Release|Any CPU
	EndGlobalSection
	GlobalSection(ProjectConfigurationPlatforms) = postSolution
		{BAC9FDD9-09D5-452D-B877-399C809DFBAC}.Debug|Any CPU.ActiveCfg = Debug|Any CPU
		{BAC9FDD9-09D5-452D-B877-399C809DFBAC}.Debug|Any CPU.Build.0 = Debug|Any CPU
		{BAC9FDD9-09D5-452D-B877-399C809DFBAC}.Release|Any CPU.ActiveCfg = Release|Any CPU
		{BAC9FDD9-09D5-452D-B877-399C809DFBAC}.Release|Any CPU.Build.0 = Release|Any CPU
	EndGlobalSection
	GlobalSection(SolutionProperties) = preSolution
		HideSolutionNode = FALSE
	EndGlobalSection
	GlobalSection(ExtensibilityGlobals) = postSolution
		SolutionGuid = {95871509-6D27-4039-B2C9-2D23790120FB}
	EndGlobalSection
EndGlobal
